
Microsoft Visual Studio Solution File, Format Version 12.00
# Visual Studio Version 16
VisualStudioVersion = 16.0.33927.289
MinimumVisualStudioVersion = 10.0.40219.1
Project("{2150E333-8FDC-42A3-9474-1A3956D46DE8}") = "Task0", "Task0", "{4715CD98-7345-4DBB-BBC1-9558ABEE6A18}"
EndProject
Project("{FAE04EC0-301F-11D3-BF4B-00C04F79EFBC}") = "Tyuiu.RazumovMO.Sprint1.Task0.V27.Test", "Tyuiu.RazumovMO.Sprint1.Task0.V0.Test\Tyuiu.RazumovMO.Sprint1.Task0.V27.Test.csproj", "{3032E3FE-EF4F-46AC-A48D-098FF9C417B2}"
EndProject
Project("{FAE04EC0-301F-11D3-BF4B-00C04F79EFBC}") = "Tyuiu.RazumovMO.Sprint1.Task0.V27.Lib", "Tyuiu.RazumovMO.Sprint1.Task0.V0.Lib\Tyuiu.RazumovMO.Sprint1.Task0.V27.Lib.csproj", "{6EAE7A00-217E-4786-B65E-96296A6AC6BF}"
EndProject
Project("{FAE04EC0-301F-11D3-BF4B-00C04F79EFBC}") = "Tyuiu.RazumovMO.Sprint1.Task0.V27", "Tyuiu.RazumovMO.Sprint1.Task0.V0\Tyuiu.RazumovMO.Sprint1.Task0.V27.csproj", "{440659BC-9447-410A-B59C-7AE6B2F96CC1}"
EndProject
Project("{2150E333-8FDC-42A3-9474-1A3956D46DE8}") = "Task1", "Task1", "{0CEF021C-97CA-4651-8B8C-D0C4F2BC5BAE}"
EndProject
Project("{FAE04EC0-301F-11D3-BF4B-00C04F79EFBC}") = "Tyuiu.RazumovMO.Sprint1.Task1.V1", "Tyuiu.RazumovMO.Sprint1.Task1.V28\Tyuiu.RazumovMO.Sprint1.Task1.V1.csproj", "{9E4DD656-342C-4A52-90DA-7CADD08A5F06}"
EndProject
Project("{FAE04EC0-301F-11D3-BF4B-00C04F79EFBC}") = "Tyuiu.RazumovMO.Sprint1.Task1.V1.Lib", "Tyuiu.RazumovMO.Sprint1.Task1.V28.Lib\Tyuiu.RazumovMO.Sprint1.Task1.V1.Lib.csproj", "{D24C39BD-4E67-4E7F-8BA8-AF0C42405D93}"
EndProject
Project("{FAE04EC0-301F-11D3-BF4B-00C04F79EFBC}") = "Tyuiu.RazumovMO.Sprint1.Task1.V1.Test", "Tyuiu.RazumovMO.Sprint1.Task1.V28.Test\Tyuiu.RazumovMO.Sprint1.Task1.V1.Test.csproj", "{6A292940-BE0B-42EB-9C1B-8E6A4D128457}"
EndProject
Project("{2150E333-8FDC-42A3-9474-1A3956D46DE8}") = "Task3", "Task3", "{A376D825-B042-4E31-BCAB-3B5BDA15427F}"
EndProject
Project("{2150E333-8FDC-42A3-9474-1A3956D46DE8}") = "Task2", "Task2", "{C1ACDA81-C97E-4669-BE4B-89C81C5CD45B}"
EndProject
Project("{2150E333-8FDC-42A3-9474-1A3956D46DE8}") = "Task4", "Task4", "{8A33573D-7410-440B-B1B5-093156A538E7}"
EndProject
Project("{2150E333-8FDC-42A3-9474-1A3956D46DE8}") = "Task5", "Task5", "{0C8753F3-01A7-4917-8121-BC0E2938F154}"
EndProject
Project("{2150E333-8FDC-42A3-9474-1A3956D46DE8}") = "Task6", "Task6", "{E8A3D3B1-B823-46F1-8B8C-0BE31D6141BB}"
EndProject
Project("{2150E333-8FDC-42A3-9474-1A3956D46DE8}") = "Task7", "Task7", "{E24536D5-C431-4953-B46A-CAEE7AEE51BB}"
EndProject
Project("{FAE04EC0-301F-11D3-BF4B-00C04F79EFBC}") = "Tyuiu.RazumovMO.Sprint1.Task2.V30.Test", "Tyuiu.RazumovMO.Sprint1.Task2.V30.Test\Tyuiu.RazumovMO.Sprint1.Task2.V30.Test.csproj", "{BA9C505D-E972-4FBC-A5F4-E072D325D799}"
EndProject
Project("{FAE04EC0-301F-11D3-BF4B-00C04F79EFBC}") = "Tyuiu.RazumovMO.Sprint1.Task2.V30.Lib", "Tyuiu.RazumovMO.Sprint1.Task2.V30.Lib\Tyuiu.RazumovMO.Sprint1.Task2.V30.Lib.csproj", "{EFE8DE9F-B6CC-416A-B07B-BB2802AC1340}"
EndProject
Project("{FAE04EC0-301F-11D3-BF4B-00C04F79EFBC}") = "Tyuiu.RazumovMO.Sprint1.Task2.V30", "Tyuiu.RazumovMO.Sprint1.Task2.V30\Tyuiu.RazumovMO.Sprint1.Task2.V30.csproj", "{21554B0B-AAAD-4482-9544-E754B70A4D4C}"
EndProject
Project("{FAE04EC0-301F-11D3-BF4B-00C04F79EFBC}") = "Tyuiu.RazumovMO.Sprint1.Task3.V17", "Tyuiu.RazumovMO.Sprint1.Task3.V17\Tyuiu.RazumovMO.Sprint1.Task3.V17.csproj", "{230BFEA5-7116-45CA-B458-8F2E6E7A955F}"
EndProject
Project("{FAE04EC0-301F-11D3-BF4B-00C04F79EFBC}") = "Tyuiu.RazumovMO.Sprint1.Task3.V17.Test", "Tyuiu.RazumovMO.Sprint1.Task3.V17.Test\Tyuiu.RazumovMO.Sprint1.Task3.V17.Test.csproj", "{A4CA8251-6483-4C8C-AD36-028386E41722}"
EndProject
Project("{FAE04EC0-301F-11D3-BF4B-00C04F79EFBC}") = "Tyuiu.RazumovMO.Sprint1.Task3.V17.Lib", "Tyuiu.RazumovMO.Sprint1.Task3.V17.Lib\Tyuiu.RazumovMO.Sprint1.Task3.V17.Lib.csproj", "{E119FDC1-2FCD-4D1D-AAFD-EFDCD7F56EFD}"
EndProject
Project("{FAE04EC0-301F-11D3-BF4B-00C04F79EFBC}") = "Tyuiu.RazumovMO.Sprint1.Task4.V15", "Tyuiu.RazumovMO.Sprint1.Task4.V15\Tyuiu.RazumovMO.Sprint1.Task4.V15.csproj", "{B87C0DED-BADC-4198-AD2E-60E8864CD01D}"
EndProject
Project("{FAE04EC0-301F-11D3-BF4B-00C04F79EFBC}") = "Tyuiu.RazumovMO.Sprint1.Task4.V15.Test", "Tyuiu.RazumovMO.Sprint1.Task4.V15.Test\Tyuiu.RazumovMO.Sprint1.Task4.V15.Test.csproj", "{0CEFECC9-68D0-44F3-84AF-402FD2020A2C}"
EndProject
Project("{FAE04EC0-301F-11D3-BF4B-00C04F79EFBC}") = "Tyuiu.RazumovMO.Sprint1.Task4.V15.Lib", "Tyuiu.RazumovMO.Sprint1.Task4.V15.Lib\Tyuiu.RazumovMO.Sprint1.Task4.V15.Lib.csproj", "{62D0F39D-8F2E-4FD1-8039-D7722D778C29}"
EndProject
Project("{FAE04EC0-301F-11D3-BF4B-00C04F79EFBC}") = "Tyuiu.RazumovMO.Sprint1.Task5.V6.Lib", "Tyuiu.RazumovMO.Sprint1.Task5.V6.Lib\Tyuiu.RazumovMO.Sprint1.Task5.V6.Lib.csproj", "{ED916D64-3C4D-4A43-AD3A-7BFE8A296B1F}"
EndProject
Project("{FAE04EC0-301F-11D3-BF4B-00C04F79EFBC}") = "Tyuiu.RazumovMO.Sprint1.Task5.V6", "Tyuiu.RazumovMO.Sprint1.Task5.V6\Tyuiu.RazumovMO.Sprint1.Task5.V6.csproj", "{A924CCDF-EB09-4AC6-AF0B-AD3F7C27E919}"
EndProject
Project("{FAE04EC0-301F-11D3-BF4B-00C04F79EFBC}") = "Tyuiu.RazumovMO.Sprint1.Task5.V6.Test", "Tyuiu.RazumovMO.Sprint1.Task5.V6.Test\Tyuiu.RazumovMO.Sprint1.Task5.V6.Test.csproj", "{7EBBE606-7616-4A4B-BB8A-B74D9EA807A8}"
EndProject
Project("{FAE04EC0-301F-11D3-BF4B-00C04F79EFBC}") = "Tyuiu.RazumovMO.Sprint1.Task6.V14.Test", "Tyuiu.RazumovMO.Sprint1.Task6.V14.Test\Tyuiu.RazumovMO.Sprint1.Task6.V14.Test.csproj", "{7A97084B-B0BE-4717-9552-6849C1104777}"
EndProject
Project("{FAE04EC0-301F-11D3-BF4B-00C04F79EFBC}") = "Tyuiu.RazumovMO.Sprint1.Task6.V14", "Tyuiu.RazumovMO.Sprint1.Task6.V14\Tyuiu.RazumovMO.Sprint1.Task6.V14.csproj", "{C74AF574-BE72-45EF-B38D-0CCA446F856F}"
EndProject
Project("{FAE04EC0-301F-11D3-BF4B-00C04F79EFBC}") = "Tyuiu.RazumovMO.Sprint1.Task6.V14.Lib", "Tyuiu.RazumovMO.Sprint1.Task6.V14.Lib\Tyuiu.RazumovMO.Sprint1.Task6.V14.Lib.csproj", "{5F103BDB-F723-4AE0-99EB-1C0F43D6E707}"
EndProject
Global
	GlobalSection(SolutionConfigurationPlatforms) = preSolution
		Debug|Any CPU = Debug|Any CPU
		Release|Any CPU = Release|Any CPU
	EndGlobalSection
	GlobalSection(ProjectConfigurationPlatforms) = postSolution
		{3032E3FE-EF4F-46AC-A48D-098FF9C417B2}.Debug|Any CPU.ActiveCfg = Debug|Any CPU
		{3032E3FE-EF4F-46AC-A48D-098FF9C417B2}.Debug|Any CPU.Build.0 = Debug|Any CPU
		{3032E3FE-EF4F-46AC-A48D-098FF9C417B2}.Release|Any CPU.ActiveCfg = Release|Any CPU
		{3032E3FE-EF4F-46AC-A48D-098FF9C417B2}.Release|Any CPU.Build.0 = Release|Any CPU
		{6EAE7A00-217E-4786-B65E-96296A6AC6BF}.Debug|Any CPU.ActiveCfg = Debug|Any CPU
		{6EAE7A00-217E-4786-B65E-96296A6AC6BF}.Debug|Any CPU.Build.0 = Debug|Any CPU
		{6EAE7A00-217E-4786-B65E-96296A6AC6BF}.Release|Any CPU.ActiveCfg = Release|Any CPU
		{6EAE7A00-217E-4786-B65E-96296A6AC6BF}.Release|Any CPU.Build.0 = Release|Any CPU
		{440659BC-9447-410A-B59C-7AE6B2F96CC1}.Debug|Any CPU.ActiveCfg = Debug|Any CPU
		{440659BC-9447-410A-B59C-7AE6B2F96CC1}.Debug|Any CPU.Build.0 = Debug|Any CPU
		{440659BC-9447-410A-B59C-7AE6B2F96CC1}.Release|Any CPU.ActiveCfg = Release|Any CPU
		{440659BC-9447-410A-B59C-7AE6B2F96CC1}.Release|Any CPU.Build.0 = Release|Any CPU
		{9E4DD656-342C-4A52-90DA-7CADD08A5F06}.Debug|Any CPU.ActiveCfg = Debug|Any CPU
		{9E4DD656-342C-4A52-90DA-7CADD08A5F06}.Debug|Any CPU.Build.0 = Debug|Any CPU
		{9E4DD656-342C-4A52-90DA-7CADD08A5F06}.Release|Any CPU.ActiveCfg = Release|Any CPU
		{9E4DD656-342C-4A52-90DA-7CADD08A5F06}.Release|Any CPU.Build.0 = Release|Any CPU
		{D24C39BD-4E67-4E7F-8BA8-AF0C42405D93}.Debug|Any CPU.ActiveCfg = Debug|Any CPU
		{D24C39BD-4E67-4E7F-8BA8-AF0C42405D93}.Debug|Any CPU.Build.0 = Debug|Any CPU
		{D24C39BD-4E67-4E7F-8BA8-AF0C42405D93}.Release|Any CPU.ActiveCfg = Release|Any CPU
		{D24C39BD-4E67-4E7F-8BA8-AF0C42405D93}.Release|Any CPU.Build.0 = Release|Any CPU
		{6A292940-BE0B-42EB-9C1B-8E6A4D128457}.Debug|Any CPU.ActiveCfg = Debug|Any CPU
		{6A292940-BE0B-42EB-9C1B-8E6A4D128457}.Debug|Any CPU.Build.0 = Debug|Any CPU
		{6A292940-BE0B-42EB-9C1B-8E6A4D128457}.Release|Any CPU.ActiveCfg = Release|Any CPU
		{6A292940-BE0B-42EB-9C1B-8E6A4D128457}.Release|Any CPU.Build.0 = Release|Any CPU
		{BA9C505D-E972-4FBC-A5F4-E072D325D799}.Debug|Any CPU.ActiveCfg = Debug|Any CPU
		{BA9C505D-E972-4FBC-A5F4-E072D325D799}.Debug|Any CPU.Build.0 = Debug|Any CPU
		{BA9C505D-E972-4FBC-A5F4-E072D325D799}.Release|Any CPU.ActiveCfg = Release|Any CPU
		{BA9C505D-E972-4FBC-A5F4-E072D325D799}.Release|Any CPU.Build.0 = Release|Any CPU
		{EFE8DE9F-B6CC-416A-B07B-BB2802AC1340}.Debug|Any CPU.ActiveCfg = Debug|Any CPU
		{EFE8DE9F-B6CC-416A-B07B-BB2802AC1340}.Debug|Any CPU.Build.0 = Debug|Any CPU
		{EFE8DE9F-B6CC-416A-B07B-BB2802AC1340}.Release|Any CPU.ActiveCfg = Release|Any CPU
		{EFE8DE9F-B6CC-416A-B07B-BB2802AC1340}.Release|Any CPU.Build.0 = Release|Any CPU
		{21554B0B-AAAD-4482-9544-E754B70A4D4C}.Debug|Any CPU.ActiveCfg = Debug|Any CPU
		{21554B0B-AAAD-4482-9544-E754B70A4D4C}.Debug|Any CPU.Build.0 = Debug|Any CPU
		{21554B0B-AAAD-4482-9544-E754B70A4D4C}.Release|Any CPU.ActiveCfg = Release|Any CPU
		{21554B0B-AAAD-4482-9544-E754B70A4D4C}.Release|Any CPU.Build.0 = Release|Any CPU
		{230BFEA5-7116-45CA-B458-8F2E6E7A955F}.Debug|Any CPU.ActiveCfg = Debug|Any CPU
		{230BFEA5-7116-45CA-B458-8F2E6E7A955F}.Debug|Any CPU.Build.0 = Debug|Any CPU
		{230BFEA5-7116-45CA-B458-8F2E6E7A955F}.Release|Any CPU.ActiveCfg = Release|Any CPU
		{230BFEA5-7116-45CA-B458-8F2E6E7A955F}.Release|Any CPU.Build.0 = Release|Any CPU
		{A4CA8251-6483-4C8C-AD36-028386E41722}.Debug|Any CPU.ActiveCfg = Debug|Any CPU
		{A4CA8251-6483-4C8C-AD36-028386E41722}.Debug|Any CPU.Build.0 = Debug|Any CPU
		{A4CA8251-6483-4C8C-AD36-028386E41722}.Release|Any CPU.ActiveCfg = Release|Any CPU
		{A4CA8251-6483-4C8C-AD36-028386E41722}.Release|Any CPU.Build.0 = Release|Any CPU
		{E119FDC1-2FCD-4D1D-AAFD-EFDCD7F56EFD}.Debug|Any CPU.ActiveCfg = Debug|Any CPU
		{E119FDC1-2FCD-4D1D-AAFD-EFDCD7F56EFD}.Debug|Any CPU.Build.0 = Debug|Any CPU
		{E119FDC1-2FCD-4D1D-AAFD-EFDCD7F56EFD}.Release|Any CPU.ActiveCfg = Release|Any CPU
		{E119FDC1-2FCD-4D1D-AAFD-EFDCD7F56EFD}.Release|Any CPU.Build.0 = Release|Any CPU
		{B87C0DED-BADC-4198-AD2E-60E8864CD01D}.Debug|Any CPU.ActiveCfg = Debug|Any CPU
		{B87C0DED-BADC-4198-AD2E-60E8864CD01D}.Debug|Any CPU.Build.0 = Debug|Any CPU
		{B87C0DED-BADC-4198-AD2E-60E8864CD01D}.Release|Any CPU.ActiveCfg = Release|Any CPU
		{B87C0DED-BADC-4198-AD2E-60E8864CD01D}.Release|Any CPU.Build.0 = Release|Any CPU
		{0CEFECC9-68D0-44F3-84AF-402FD2020A2C}.Debug|Any CPU.ActiveCfg = Debug|Any CPU
		{0CEFECC9-68D0-44F3-84AF-402FD2020A2C}.Debug|Any CPU.Build.0 = Debug|Any CPU
		{0CEFECC9-68D0-44F3-84AF-402FD2020A2C}.Release|Any CPU.ActiveCfg = Release|Any CPU
		{0CEFECC9-68D0-44F3-84AF-402FD2020A2C}.Release|Any CPU.Build.0 = Release|Any CPU
		{62D0F39D-8F2E-4FD1-8039-D7722D778C29}.Debug|Any CPU.ActiveCfg = Debug|Any CPU
		{62D0F39D-8F2E-4FD1-8039-D7722D778C29}.Debug|Any CPU.Build.0 = Debug|Any CPU
		{62D0F39D-8F2E-4FD1-8039-D7722D778C29}.Release|Any CPU.ActiveCfg = Release|Any CPU
		{62D0F39D-8F2E-4FD1-8039-D7722D778C29}.Release|Any CPU.Build.0 = Release|Any CPU
		{ED916D64-3C4D-4A43-AD3A-7BFE8A296B1F}.Debug|Any CPU.ActiveCfg = Debug|Any CPU
		{ED916D64-3C4D-4A43-AD3A-7BFE8A296B1F}.Debug|Any CPU.Build.0 = Debug|Any CPU
		{ED916D64-3C4D-4A43-AD3A-7BFE8A296B1F}.Release|Any CPU.ActiveCfg = Release|Any CPU
		{ED916D64-3C4D-4A43-AD3A-7BFE8A296B1F}.Release|Any CPU.Build.0 = Release|Any CPU
		{A924CCDF-EB09-4AC6-AF0B-AD3F7C27E919}.Debug|Any CPU.ActiveCfg = Debug|Any CPU
		{A924CCDF-EB09-4AC6-AF0B-AD3F7C27E919}.Debug|Any CPU.Build.0 = Debug|Any CPU
		{A924CCDF-EB09-4AC6-AF0B-AD3F7C27E919}.Release|Any CPU.ActiveCfg = Release|Any CPU
		{A924CCDF-EB09-4AC6-AF0B-AD3F7C27E919}.Release|Any CPU.Build.0 = Release|Any CPU
		{7EBBE606-7616-4A4B-BB8A-B74D9EA807A8}.Debug|Any CPU.ActiveCfg = Debug|Any CPU
		{7EBBE606-7616-4A4B-BB8A-B74D9EA807A8}.Debug|Any CPU.Build.0 = Debug|Any CPU
		{7EBBE606-7616-4A4B-BB8A-B74D9EA807A8}.Release|Any CPU.ActiveCfg = Release|Any CPU
		{7EBBE606-7616-4A4B-BB8A-B74D9EA807A8}.Release|Any CPU.Build.0 = Release|Any CPU
		{7A97084B-B0BE-4717-9552-6849C1104777}.Debug|Any CPU.ActiveCfg = Debug|Any CPU
		{7A97084B-B0BE-4717-9552-6849C1104777}.Debug|Any CPU.Build.0 = Debug|Any CPU
		{7A97084B-B0BE-4717-9552-6849C1104777}.Release|Any CPU.ActiveCfg = Release|Any CPU
		{7A97084B-B0BE-4717-9552-6849C1104777}.Release|Any CPU.Build.0 = Release|Any CPU
		{C74AF574-BE72-45EF-B38D-0CCA446F856F}.Debug|Any CPU.ActiveCfg = Debug|Any CPU
		{C74AF574-BE72-45EF-B38D-0CCA446F856F}.Debug|Any CPU.Build.0 = Debug|Any CPU
		{C74AF574-BE72-45EF-B38D-0CCA446F856F}.Release|Any CPU.ActiveCfg = Release|Any CPU
		{C74AF574-BE72-45EF-B38D-0CCA446F856F}.Release|Any CPU.Build.0 = Release|Any CPU
		{5F103BDB-F723-4AE0-99EB-1C0F43D6E707}.Debug|Any CPU.ActiveCfg = Debug|Any CPU
		{5F103BDB-F723-4AE0-99EB-1C0F43D6E707}.Debug|Any CPU.Build.0 = Debug|Any CPU
		{5F103BDB-F723-4AE0-99EB-1C0F43D6E707}.Release|Any CPU.ActiveCfg = Release|Any CPU
		{5F103BDB-F723-4AE0-99EB-1C0F43D6E707}.Release|Any CPU.Build.0 = Release|Any CPU
	EndGlobalSection
	GlobalSection(SolutionProperties) = preSolution
		HideSolutionNode = FALSE
	EndGlobalSection
	GlobalSection(NestedProjects) = preSolution
		{3032E3FE-EF4F-46AC-A48D-098FF9C417B2} = {4715CD98-7345-4DBB-BBC1-9558ABEE6A18}
		{6EAE7A00-217E-4786-B65E-96296A6AC6BF} = {4715CD98-7345-4DBB-BBC1-9558ABEE6A18}
		{440659BC-9447-410A-B59C-7AE6B2F96CC1} = {4715CD98-7345-4DBB-BBC1-9558ABEE6A18}
		{9E4DD656-342C-4A52-90DA-7CADD08A5F06} = {0CEF021C-97CA-4651-8B8C-D0C4F2BC5BAE}
		{D24C39BD-4E67-4E7F-8BA8-AF0C42405D93} = {0CEF021C-97CA-4651-8B8C-D0C4F2BC5BAE}
		{6A292940-BE0B-42EB-9C1B-8E6A4D128457} = {0CEF021C-97CA-4651-8B8C-D0C4F2BC5BAE}
		{BA9C505D-E972-4FBC-A5F4-E072D325D799} = {C1ACDA81-C97E-4669-BE4B-89C81C5CD45B}
		{EFE8DE9F-B6CC-416A-B07B-BB2802AC1340} = {C1ACDA81-C97E-4669-BE4B-89C81C5CD45B}
		{21554B0B-AAAD-4482-9544-E754B70A4D4C} = {C1ACDA81-C97E-4669-BE4B-89C81C5CD45B}
		{230BFEA5-7116-45CA-B458-8F2E6E7A955F} = {A376D825-B042-4E31-BCAB-3B5BDA15427F}
		{A4CA8251-6483-4C8C-AD36-028386E41722} = {A376D825-B042-4E31-BCAB-3B5BDA15427F}
		{E119FDC1-2FCD-4D1D-AAFD-EFDCD7F56EFD} = {A376D825-B042-4E31-BCAB-3B5BDA15427F}
		{B87C0DED-BADC-4198-AD2E-60E8864CD01D} = {8A33573D-7410-440B-B1B5-093156A538E7}
		{0CEFECC9-68D0-44F3-84AF-402FD2020A2C} = {8A33573D-7410-440B-B1B5-093156A538E7}
		{62D0F39D-8F2E-4FD1-8039-D7722D778C29} = {8A33573D-7410-440B-B1B5-093156A538E7}
		{ED916D64-3C4D-4A43-AD3A-7BFE8A296B1F} = {0C8753F3-01A7-4917-8121-BC0E2938F154}
		{A924CCDF-EB09-4AC6-AF0B-AD3F7C27E919} = {0C8753F3-01A7-4917-8121-BC0E2938F154}
		{7EBBE606-7616-4A4B-BB8A-B74D9EA807A8} = {0C8753F3-01A7-4917-8121-BC0E2938F154}
		{7A97084B-B0BE-4717-9552-6849C1104777} = {E8A3D3B1-B823-46F1-8B8C-0BE31D6141BB}
		{C74AF574-BE72-45EF-B38D-0CCA446F856F} = {E8A3D3B1-B823-46F1-8B8C-0BE31D6141BB}
		{5F103BDB-F723-4AE0-99EB-1C0F43D6E707} = {E8A3D3B1-B823-46F1-8B8C-0BE31D6141BB}
	EndGlobalSection
	GlobalSection(ExtensibilityGlobals) = postSolution
		SolutionGuid = {4F098FD2-1E44-426B-9343-AFE7B7272916}
	EndGlobalSection
EndGlobal
